// !$*UTF8*$!
{
	archiveVersion = 1;
	classes = {
	};
	objectVersion = 77;
	objects = {

/* Begin PBXContainerItemProxy section */
		DC624BC82E6B5D3F009E79F1 /* PBXContainerItemProxy */ = {
			isa = PBXContainerItemProxy;
			containerPortal = DC624BAF2E6B5D3D009E79F1 /* Project object */;
			proxyType = 1;
			remoteGlobalIDString = DC624BB62E6B5D3D009E79F1;
			remoteInfo = BTP_Allocation;
		};
		DC624BD22E6B5D3F009E79F1 /* PBXContainerItemProxy */ = {
			isa = PBXContainerItemProxy;
			containerPortal = DC624BAF2E6B5D3D009E79F1 /* Project object */;
			proxyType = 1;
			remoteGlobalIDString = DC624BB62E6B5D3D009E79F1;
			remoteInfo = BTP_Allocation;
		};
/* End PBXContainerItemProxy section */

/* Begin PBXFileReference section */
		DC624BB72E6B5D3D009E79F1 /* BTP_Allocation.app */ = {isa = PBXFileReference; explicitFileType = wrapper.application; includeInIndex = 0; path = BTP_Allocation.app; sourceTree = BUILT_PRODUCTS_DIR; };
		DC624BC72E6B5D3F009E79F1 /* BTP_AllocationTests.xctest */ = {isa = PBXFileReference; explicitFileType = wrapper.cfbundle; includeInIndex = 0; path = BTP_AllocationTests.xctest; sourceTree = BUILT_PRODUCTS_DIR; };
		DC624BD12E6B5D3F009E79F1 /* BTP_AllocationUITests.xctest */ = {isa = PBXFileReference; explicitFileType = wrapper.cfbundle; includeInIndex = 0; path = BTP_AllocationUITests.xctest; sourceTree = BUILT_PRODUCTS_DIR; };
/* End PBXFileReference section */

/* Begin PBXFileSystemSynchronizedRootGroup section */
		DC624BB92E6B5D3D009E79F1 /* BTP_Allocation */ = {
			isa = PBXFileSystemSynchronizedRootGroup;
			path = BTP_Allocation;
			sourceTree = "<group>";
		};
		DC624BCA2E6B5D3F009E79F1 /* BTP_AllocationTests */ = {
			isa = PBXFileSystemSynchronizedRootGroup;
			path = BTP_AllocationTests;
			sourceTree = "<group>";
		};
		DC624BD42E6B5D3F009E79F1 /* BTP_AllocationUITests */ = {
			isa = PBXFileSystemSynchronizedRootGroup;
			path = BTP_AllocationUITests;
			sourceTree = "<group>";
		};
/* End PBXFileSystemSynchronizedRootGroup section */

/* Begin PBXFrameworksBuildPhase section */
		DC624BB42E6B5D3D009E79F1 /* Frameworks */ = {
			isa = PBXFrameworksBuildPhase;
			buildActionMask = 2147483647;
			files = (
			);
			runOnlyForDeploymentPostprocessing = 0;
		};
		DC624BC42E6B5D3F009E79F1 /* Frameworks */ = {
			isa = PBXFrameworksBuildPhase;
			buildActionMask = 2147483647;
			files = (
			);
			runOnlyForDeploymentPostprocessing = 0;
		};
		DC624BCE2E6B5D3F009E79F1 /* Frameworks */ = {
			isa = PBXFrameworksBuildPhase;
			buildActionMask = 2147483647;
			files = (
			);
			runOnlyForDeploymentPostprocessing = 0;
		};
/* End PBXFrameworksBuildPhase section */

/* Begin PBXGroup section */
		DC624BAE2E6B5D3D009E79F1 = {
			isa = PBXGroup;
			children = (
				DC624BB92E6B5D3D009E79F1 /* BTP_Allocation */,
				DC624BCA2E6B5D3F009E79F1 /* BTP_AllocationTests */,
				DC624BD42E6B5D3F009E79F1 /* BTP_AllocationUITests */,
				DC624BB82E6B5D3D009E79F1 /* Products */,
			);
			sourceTree = "<group>";
		};
		DC624BB82E6B5D3D009E79F1 /* Products */ = {
			isa = PBXGroup;
			children = (
				DC624BB72E6B5D3D009E79F1 /* BTP_Allocation.app */,
				DC624BC72E6B5D3F009E79F1 /* BTP_AllocationTests.xctest */,
				DC624BD12E6B5D3F009E79F1 /* BTP_AllocationUITests.xctest */,
			);
			name = Products;
			sourceTree = "<group>";
		};
/* End PBXGroup section */

/* Begin PBXNativeTarget section */
		DC624BB62E6B5D3D009E79F1 /* BTP_Allocation */ = {
			isa = PBXNativeTarget;
			buildConfigurationList = DC624BDB2E6B5D3F009E79F1 /* Build configuration list for PBXNativeTarget "BTP_Allocation" */;
			buildPhases = (
				DC624BB32E6B5D3D009E79F1 /* Sources */,
				DC624BB42E6B5D3D009E79F1 /* Frameworks */,
				DC624BB52E6B5D3D009E79F1 /* Resources */,
			);
			buildRules = (
			);
			dependencies = (
			);
			fileSystemSynchronizedGroups = (
				DC624BB92E6B5D3D009E79F1 /* BTP_Allocation */,
			);
			name = BTP_Allocation;
			packageProductDependencies = (
			);
			productName = BTP_Allocation;
			productReference = DC624BB72E6B5D3D009E79F1 /* BTP_Allocation.app */;
			productType = "com.apple.product-type.application";
		};
		DC624BC62E6B5D3F009E79F1 /* BTP_AllocationTests */ = {
			isa = PBXNativeTarget;
			buildConfigurationList = DC624BDE2E6B5D3F009E79F1 /* Build configuration list for PBXNativeTarget "BTP_AllocationTests" */;
			buildPhases = (
				DC624BC32E6B5D3F009E79F1 /* Sources */,
				DC624BC42E6B5D3F009E79F1 /* Frameworks */,
				DC624BC52E6B5D3F009E79F1 /* Resources */,
			);
			buildRules = (
			);
			dependencies = (
				DC624BC92E6B5D3F009E79F1 /* PBXTargetDependency */,
			);
			fileSystemSynchronizedGroups = (
				DC624BCA2E6B5D3F009E79F1 /* BTP_AllocationTests */,
			);
			name = BTP_AllocationTests;
			packageProductDependencies = (
			);
			productName = BTP_AllocationTests;
			productReference = DC624BC72E6B5D3F009E79F1 /* BTP_AllocationTests.xctest */;
			productType = "com.apple.product-type.bundle.unit-test";
		};
		DC624BD02E6B5D3F009E79F1 /* BTP_AllocationUITests */ = {
			isa = PBXNativeTarget;
			buildConfigurationList = DC624BE12E6B5D3F009E79F1 /* Build configuration list for PBXNativeTarget "BTP_AllocationUITests" */;
			buildPhases = (
				DC624BCD2E6B5D3F009E79F1 /* Sources */,
				DC624BCE2E6B5D3F009E79F1 /* Frameworks */,
				DC624BCF2E6B5D3F009E79F1 /* Resources */,
			);
			buildRules = (
			);
			dependencies = (
				DC624BD32E6B5D3F009E79F1 /* PBXTargetDependency */,
			);
			fileSystemSynchronizedGroups = (
				DC624BD42E6B5D3F009E79F1 /* BTP_AllocationUITests */,
			);
			name = BTP_AllocationUITests;
			packageProductDependencies = (
			);
			productName = BTP_AllocationUITests;
			productReference = DC624BD12E6B5D3F009E79F1 /* BTP_AllocationUITests.xctest */;
			productType = "com.apple.product-type.bundle.ui-testing";
		};
/* End PBXNativeTarget section */

/* Begin PBXProject section */
		DC624BAF2E6B5D3D009E79F1 /* Project object */ = {
			isa = PBXProject;
			attributes = {
				BuildIndependentTargetsInParallel = 1;
				LastSwiftUpdateCheck = 1620;
				LastUpgradeCheck = 1620;
				TargetAttributes = {
					DC624BB62E6B5D3D009E79F1 = {
						CreatedOnToolsVersion = 16.2;
					};
					DC624BC62E6B5D3F009E79F1 = {
						CreatedOnToolsVersion = 16.2;
						TestTargetID = DC624BB62E6B5D3D009E79F1;
					};
					DC624BD02E6B5D3F009E79F1 = {
						CreatedOnToolsVersion = 16.2;
						TestTargetID = DC624BB62E6B5D3D009E79F1;
					};
				};
			};
			buildConfigurationList = DC624BB22E6B5D3D009E79F1 /* Build configuration list for PBXProject "BTP_Allocation" */;
			developmentRegion = en;
			hasScannedForEncodings = 0;
			knownRegions = (
				en,
				Base,
			);
			mainGroup = DC624BAE2E6B5D3D009E79F1;
			minimizedProjectReferenceProxies = 1;
			preferredProjectObjectVersion = 77;
			productRefGroup = DC624BB82E6B5D3D009E79F1 /* Products */;
			projectDirPath = "";
			projectRoot = "";
			targets = (
				DC624BB62E6B5D3D009E79F1 /* BTP_Allocation */,
				DC624BC62E6B5D3F009E79F1 /* BTP_AllocationTests */,
				DC624BD02E6B5D3F009E79F1 /* BTP_AllocationUITests */,
			);
		};
/* End PBXProject section */

/* Begin PBXResourcesBuildPhase section */
		DC624BB52E6B5D3D009E79F1 /* Resources */ = {
			isa = PBXResourcesBuildPhase;
			buildActionMask = 2147483647;
			files = (
			);
			runOnlyForDeploymentPostprocessing = 0;
		};
		DC624BC52E6B5D3F009E79F1 /* Resources */ = {
			isa = PBXResourcesBuildPhase;
			buildActionMask = 2147483647;
			files = (
			);
			runOnlyForDeploymentPostprocessing = 0;
		};
		DC624BCF2E6B5D3F009E79F1 /* Resources */ = {
			isa = PBXResourcesBuildPhase;
			buildActionMask = 2147483647;
			files = (
			);
			runOnlyForDeploymentPostprocessing = 0;
		};
/* End PBXResourcesBuildPhase section */

/* Begin PBXSourcesBuildPhase section */
		DC624BB32E6B5D3D009E79F1 /* Sources */ = {
			isa = PBXSourcesBuildPhase;
			buildActionMask = 2147483647;
			files = (
			);
			runOnlyForDeploymentPostprocessing = 0;
		};
		DC624BC32E6B5D3F009E79F1 /* Sources */ = {
			isa = PBXSourcesBuildPhase;
			buildActionMask = 2147483647;
			files = (
			);
			runOnlyForDeploymentPostprocessing = 0;
		};
		DC624BCD2E6B5D3F009E79F1 /* Sources */ = {
			isa = PBXSourcesBuildPhase;
			buildActionMask = 2147483647;
			files = (
			);
			runOnlyForDeploymentPostprocessing = 0;
		};
/* End PBXSourcesBuildPhase section */

/* Begin PBXTargetDependency section */
		DC624BC92E6B5D3F009E79F1 /* PBXTargetDependency */ = {
			isa = PBXTargetDependency;
			target = DC624BB62E6B5D3D009E79F1 /* BTP_Allocation */;
			targetProxy = DC624BC82E6B5D3F009E79F1 /* PBXContainerItemProxy */;
		};
		DC624BD32E6B5D3F009E79F1 /* PBXTargetDependency */ = {
			isa = PBXTargetDependency;
			target = DC624BB62E6B5D3D009E79F1 /* BTP_Allocation */;
			targetProxy = DC624BD22E6B5D3F009E79F1 /* PBXContainerItemProxy */;
		};
/* End PBXTargetDependency section */

/* Begin XCBuildConfiguration section */
		DC624BD92E6B5D3F009E79F1 /* Debug */ = {
			isa = XCBuildConfiguration;
			buildSettings = {
				ALWAYS_SEARCH_USER_PATHS = NO;
				ASSETCATALOG_COMPILER_GENERATE_SWIFT_ASSET_SYMBOL_EXTENSIONS = YES;
				CLANG_ANALYZER_NONNULL = YES;
				CLANG_ANALYZER_NUMBER_OBJECT_CONVERSION = YES_AGGRESSIVE;
				CLANG_CXX_LANGUAGE_STANDARD = "gnu++20";
				CLANG_ENABLE_MODULES = YES;
				CLANG_ENABLE_OBJC_ARC = YES;
				CLANG_ENABLE_OBJC_WEAK = YES;
				CLANG_WARN_BLOCK_CAPTURE_AUTORELEASING = YES;
				CLANG_WARN_BOOL_CONVERSION = YES;
				CLANG_WARN_COMMA = YES;
				CLANG_WARN_CONSTANT_CONVERSION = YES;
				CLANG_WARN_DEPRECATED_OBJC_IMPLEMENTATIONS = YES;
				CLANG_WARN_DIRECT_OBJC_ISA_USAGE = YES_ERROR;
				CLANG_WARN_DOCUMENTATION_COMMENTS = YES;
				CLANG_WARN_EMPTY_BODY = YES;
				CLANG_WARN_ENUM_CONVERSION = YES;
				CLANG_WARN_INFINITE_RECURSION = YES;
				CLANG_WARN_INT_CONVERSION = YES;
				CLANG_WARN_NON_LITERAL_NULL_CONVERSION = YES;
				CLANG_WARN_OBJC_IMPLICIT_RETAIN_SELF = YES;
				CLANG_WARN_OBJC_LITERAL_CONVERSION = YES;
				CLANG_WARN_OBJC_ROOT_CLASS = YES_ERROR;
				CLANG_WARN_QUOTED_INCLUDE_IN_FRAMEWORK_HEADER = YES;
				CLANG_WARN_RANGE_LOOP_ANALYSIS = YES;
				CLANG_WARN_STRICT_PROTOTYPES = YES;
				CLANG_WARN_SUSPICIOUS_MOVE = YES;
				CLANG_WARN_UNGUARDED_AVAILABILITY = YES_AGGRESSIVE;
				CLANG_WARN_UNREACHABLE_CODE = YES;
				CLANG_WARN__DUPLICATE_METHOD_MATCH = YES;
				COPY_PHASE_STRIP = NO;
				DEBUG_INFORMATION_FORMAT = dwarf;
				ENABLE_STRICT_OBJC_MSGSEND = YES;
				ENABLE_TESTABILITY = YES;
				ENABLE_USER_SCRIPT_SANDBOXING = YES;
				GCC_C_LANGUAGE_STANDARD = gnu17;
				GCC_DYNAMIC_NO_PIC = NO;
				GCC_NO_COMMON_BLOCKS = YES;
				GCC_OPTIMIZATION_LEVEL = 0;
				GCC_PREPROCESSOR_DEFINITIONS = (
					"DEBUG=1",
					"$(inherited)",
				);
				GCC_WARN_64_TO_32_BIT_CONVERSION = YES;
				GCC_WARN_ABOUT_RETURN_TYPE = YES_ERROR;
				GCC_WARN_UNDECLARED_SELECTOR = YES;
				GCC_WARN_UNINITIALIZED_AUTOS = YES_AGGRESSIVE;
				GCC_WARN_UNUSED_FUNCTION = YES;
				GCC_WARN_UNUSED_VARIABLE = YES;
				IPHONEOS_DEPLOYMENT_TARGET = 18.2;
				LOCALIZATION_PREFERS_STRING_CATALOGS = YES;
				MTL_ENABLE_DEBUG_INFO = INCLUDE_SOURCE;
				MTL_FAST_MATH = YES;
				ONLY_ACTIVE_ARCH = YES;
				SDKROOT = iphoneos;
				SWIFT_ACTIVE_COMPILATION_CONDITIONS = "DEBUG $(inherited)";
				SWIFT_OPTIMIZATION_LEVEL = "-Onone";
			};
			name = Debug;
		};
		DC624BDA2E6B5D3F009E79F1 /* Release */ = {
			isa = XCBuildConfiguration;
			buildSettings = {
				ALWAYS_SEARCH_USER_PATHS = NO;
				ASSETCATALOG_COMPILER_GENERATE_SWIFT_ASSET_SYMBOL_EXTENSIONS = YES;
				CLANG_ANALYZER_NONNULL = YES;
				CLANG_ANALYZER_NUMBER_OBJECT_CONVERSION = YES_AGGRESSIVE;
				CLANG_CXX_LANGUAGE_STANDARD = "gnu++20";
				CLANG_ENABLE_MODULES = YES;
				CLANG_ENABLE_OBJC_ARC = YES;
				CLANG_ENABLE_OBJC_WEAK = YES;
				CLANG_WARN_BLOCK_CAPTURE_AUTORELEASING = YES;
				CLANG_WARN_BOOL_CONVERSION = YES;
				CLANG_WARN_COMMA = YES;
				CLANG_WARN_CONSTANT_CONVERSION = YES;
				CLANG_WARN_DEPRECATED_OBJC_IMPLEMENTATIONS = YES;
				CLANG_WARN_DIRECT_OBJC_ISA_USAGE = YES_ERROR;
				CLANG_WARN_DOCUMENTATION_COMMENTS = YES;
				CLANG_WARN_EMPTY_BODY = YES;
				CLANG_WARN_ENUM_CONVERSION = YES;
				CLANG_WARN_INFINITE_RECURSION = YES;
				CLANG_WARN_INT_CONVERSION = YES;
				CLANG_WARN_NON_LITERAL_NULL_CONVERSION = YES;
				CLANG_WARN_OBJC_IMPLICIT_RETAIN_SELF = YES;
				CLANG_WARN_OBJC_LITERAL_CONVERSION = YES;
				CLANG_WARN_OBJC_ROOT_CLASS = YES_ERROR;
				CLANG_WARN_QUOTED_INCLUDE_IN_FRAMEWORK_HEADER = YES;
				CLANG_WARN_RANGE_LOOP_ANALYSIS = YES;
				CLANG_WARN_STRICT_PROTOTYPES = YES;
				CLANG_WARN_SUSPICIOUS_MOVE = YES;
				CLANG_WARN_UNGUARDED_AVAILABILITY = YES_AGGRESSIVE;
				CLANG_WARN_UNREACHABLE_CODE = YES;
				CLANG_WARN__DUPLICATE_METHOD_MATCH = YES;
				COPY_PHASE_STRIP = NO;
				DEBUG_INFORMATION_FORMAT = "dwarf-with-dsym";
				ENABLE_NS_ASSERTIONS = NO;
				ENABLE_STRICT_OBJC_MSGSEND = YES;
				ENABLE_USER_SCRIPT_SANDBOXING = YES;
				GCC_C_LANGUAGE_STANDARD = gnu17;
				GCC_NO_COMMON_BLOCKS = YES;
				GCC_WARN_64_TO_32_BIT_CONVERSION = YES;
				GCC_WARN_ABOUT_RETURN_TYPE = YES_ERROR;
				GCC_WARN_UNDECLARED_SELECTOR = YES;
				GCC_WARN_UNINITIALIZED_AUTOS = YES_AGGRESSIVE;
				GCC_WARN_UNUSED_FUNCTION = YES;
				GCC_WARN_UNUSED_VARIABLE = YES;
				IPHONEOS_DEPLOYMENT_TARGET = 18.2;
				LOCALIZATION_PREFERS_STRING_CATALOGS = YES;
				MTL_ENABLE_DEBUG_INFO = NO;
				MTL_FAST_MATH = YES;
				SDKROOT = iphoneos;
				SWIFT_COMPILATION_MODE = wholemodule;
				VALIDATE_PRODUCT = YES;
			};
			name = Release;
		};
		DC624BDC2E6B5D3F009E79F1 /* Debug */ = {
			isa = XCBuildConfiguration;
			buildSettings = {
				ASSETCATALOG_COMPILER_APPICON_NAME = AppIcon;
				ASSETCATALOG_COMPILER_GLOBAL_ACCENT_COLOR_NAME = AccentColor;
				CODE_SIGN_STYLE = Automatic;
				CURRENT_PROJECT_VERSION = 1;
				DEVELOPMENT_ASSET_PATHS = "\"BTP_Allocation/Preview Content\"";
				ENABLE_PREVIEWS = YES;
				GENERATE_INFOPLIST_FILE = YES;
				INFOPLIST_KEY_UIApplicationSceneManifest_Generation = YES;
				INFOPLIST_KEY_UIApplicationSupportsIndirectInputEvents = YES;
				INFOPLIST_KEY_UILaunchScreen_Generation = YES;
				INFOPLIST_KEY_UISupportedInterfaceOrientations_iPad = "UIInterfaceOrientationPortrait UIInterfaceOrientationPortraitUpsideDown UIInterfaceOrientationLandscapeLeft UIInterfaceOrientationLandscapeRight";
				INFOPLIST_KEY_UISupportedInterfaceOrientations_iPhone = "UIInterfaceOrientationPortrait UIInterfaceOrientationLandscapeLeft UIInterfaceOrientationLandscapeRight";
				LD_RUNPATH_SEARCH_PATHS = (
					"$(inherited)",
					"@executable_path/Frameworks",
				);
				MARKETING_VERSION = 1.0;
				PRODUCT_BUNDLE_IDENTIFIER = "exam.BTP-Allocation";
				PRODUCT_NAME = "$(TARGET_NAME)";
				SWIFT_EMIT_LOC_STRINGS = YES;
				SWIFT_VERSION = 5.0;
				TARGETED_DEVICE_FAMILY = "1,2";
			};
			name = Debug;
		};
		DC624BDD2E6B5D3F009E79F1 /* Release */ = {
			isa = XCBuildConfiguration;
			buildSettings = {
				ASSETCATALOG_COMPILER_APPICON_NAME = AppIcon;
				ASSETCATALOG_COMPILER_GLOBAL_ACCENT_COLOR_NAME = AccentColor;
				CODE_SIGN_STYLE = Automatic;
				CURRENT_PROJECT_VERSION = 1;
				DEVELOPMENT_ASSET_PATHS = "\"BTP_Allocation/Preview Content\"";
				ENABLE_PREVIEWS = YES;
				GENERATE_INFOPLIST_FILE = YES;
				INFOPLIST_KEY_UIApplicationSceneManifest_Generation = YES;
				INFOPLIST_KEY_UIApplicationSupportsIndirectInputEvents = YES;
				INFOPLIST_KEY_UILaunchScreen_Generation = YES;
				INFOPLIST_KEY_UISupportedInterfaceOrientations_iPad = "UIInterfaceOrientationPortrait UIInterfaceOrientationPortraitUpsideDown UIInterfaceOrientationLandscapeLeft UIInterfaceOrientationLandscapeRight";
				INFOPLIST_KEY_UISupportedInterfaceOrientations_iPhone = "UIInterfaceOrientationPortrait UIInterfaceOrientationLandscapeLeft UIInterfaceOrientationLandscapeRight";
				LD_RUNPATH_SEARCH_PATHS = (
					"$(inherited)",
					"@executable_path/Frameworks",
				);
				MARKETING_VERSION = 1.0;
				PRODUCT_BUNDLE_IDENTIFIER = "exam.BTP-Allocation";
				PRODUCT_NAME = "$(TARGET_NAME)";
				SWIFT_EMIT_LOC_STRINGS = YES;
				SWIFT_VERSION = 5.0;
				TARGETED_DEVICE_FAMILY = "1,2";
			};
			name = Release;
		};
		DC624BDF2E6B5D3F009E79F1 /* Debug */ = {
			isa = XCBuildConfiguration;
			buildSettings = {
				BUNDLE_LOADER = "$(TEST_HOST)";
				CODE_SIGN_STYLE = Automatic;
				CURRENT_PROJECT_VERSION = 1;
				GENERATE_INFOPLIST_FILE = YES;
				IPHONEOS_DEPLOYMENT_TARGET = 18.2;
				MARKETING_VERSION = 1.0;
				PRODUCT_BUNDLE_IDENTIFIER = "exam.BTP-AllocationTests";
				PRODUCT_NAME = "$(TARGET_NAME)";
				SWIFT_EMIT_LOC_STRINGS = NO;
				SWIFT_VERSION = 5.0;
				TARGETED_DEVICE_FAMILY = "1,2";
				TEST_HOST = "$(BUILT_PRODUCTS_DIR)/BTP_Allocation.app/$(BUNDLE_EXECUTABLE_FOLDER_PATH)/BTP_Allocation";
			};
			name = Debug;
		};
		DC624BE02E6B5D3F009E79F1 /* Release */ = {
			isa = XCBuildConfiguration;
			buildSettings = {
				BUNDLE_LOADER = "$(TEST_HOST)";
				CODE_SIGN_STYLE = Automatic;
				CURRENT_PROJECT_VERSION = 1;
				GENERATE_INFOPLIST_FILE = YES;
				IPHONEOS_DEPLOYMENT_TARGET = 18.2;
				MARKETING_VERSION = 1.0;
				PRODUCT_BUNDLE_IDENTIFIER = "exam.BTP-AllocationTests";
				PRODUCT_NAME = "$(TARGET_NAME)";
				SWIFT_EMIT_LOC_STRINGS = NO;
				SWIFT_VERSION = 5.0;
				TARGETED_DEVICE_FAMILY = "1,2";
				TEST_HOST = "$(BUILT_PRODUCTS_DIR)/BTP_Allocation.app/$(BUNDLE_EXECUTABLE_FOLDER_PATH)/BTP_Allocation";
			};
			name = Release;
		};
		DC624BE22E6B5D3F009E79F1 /* Debug */ = {
			isa = XCBuildConfiguration;
			buildSettings = {
				CODE_SIGN_STYLE = Automatic;
				CURRENT_PROJECT_VERSION = 1;
				GENERATE_INFOPLIST_FILE = YES;
				MARKETING_VERSION = 1.0;
				PRODUCT_BUNDLE_IDENTIFIER = "exam.BTP-AllocationUITests";
				PRODUCT_NAME = "$(TARGET_NAME)";
				SWIFT_EMIT_LOC_STRINGS = NO;
				SWIFT_VERSION = 5.0;
				TARGETED_DEVICE_FAMILY = "1,2";
				TEST_TARGET_NAME = BTP_Allocation;
			};
			name = Debug;
		};
		DC624BE32E6B5D3F009E79F1 /* Release */ = {
			isa = XCBuildConfiguration;
			buildSettings = {
				CODE_SIGN_STYLE = Automatic;
				CURRENT_PROJECT_VERSION = 1;
				GENERATE_INFOPLIST_FILE = YES;
				MARKETING_VERSION = 1.0;
				PRODUCT_BUNDLE_IDENTIFIER = "exam.BTP-AllocationUITests";
				PRODUCT_NAME = "$(TARGET_NAME)";
				SWIFT_EMIT_LOC_STRINGS = NO;
				SWIFT_VERSION = 5.0;
				TARGETED_DEVICE_FAMILY = "1,2";
				TEST_TARGET_NAME = BTP_Allocation;
			};
			name = Release;
		};
/* End XCBuildConfiguration section */

/* Begin XCConfigurationList section */
		DC624BB22E6B5D3D009E79F1 /* Build configuration list for PBXProject "BTP_Allocation" */ = {
			isa = XCConfigurationList;
			buildConfigurations = (
				DC624BD92E6B5D3F009E79F1 /* Debug */,
				DC624BDA2E6B5D3F009E79F1 /* Release */,
			);
			defaultConfigurationIsVisible = 0;
			defaultConfigurationName = Release;
		};
		DC624BDB2E6B5D3F009E79F1 /* Build configuration list for PBXNativeTarget "BTP_Allocation" */ = {
			isa = XCConfigurationList;
			buildConfigurations = (
				DC624BDC2E6B5D3F009E79F1 /* Debug */,
				DC624BDD2E6B5D3F009E79F1 /* Release */,
			);
			defaultConfigurationIsVisible = 0;
			defaultConfigurationName = Release;
		};
		DC624BDE2E6B5D3F009E79F1 /* Build configuration list for PBXNativeTarget "BTP_AllocationTests" */ = {
			isa = XCConfigurationList;
			buildConfigurations = (
				DC624BDF2E6B5D3F009E79F1 /* Debug */,
				DC624BE02E6B5D3F009E79F1 /* Release */,
			);
			defaultConfigurationIsVisible = 0;
			defaultConfigurationName = Release;
		};
		DC624BE12E6B5D3F009E79F1 /* Build configuration list for PBXNativeTarget "BTP_AllocationUITests" */ = {
			isa = XCConfigurationList;
			buildConfigurations = (
				DC624BE22E6B5D3F009E79F1 /* Debug */,
				DC624BE32E6B5D3F009E79F1 /* Release */,
			);
			defaultConfigurationIsVisible = 0;
			defaultConfigurationName = Release;
		};
/* End XCConfigurationList section */
	};
	rootObject = DC624BAF2E6B5D3D009E79F1 /* Project object */;
}
